
Microsoft Visual Studio Solution File, Format Version 12.00
# Visual Studio Version 16
VisualStudioVersion = 16.0.29920.165
MinimumVisualStudioVersion = 10.0.40219.1
Project("{FAE04EC0-301F-11D3-BF4B-00C04F79EFBC}") = "Map-", "Map-.csproj", "{50B9BA8A-78B0-4B5E-9CD7-CAF223D6F64A}"
EndProject
Global
	GlobalSection(SolutionConfigurationPlatforms) = preSolution
		Debug|Any CPU = Debug|Any CPU
		Release|Any CPU = Release|Any CPU
	EndGlobalSection
	GlobalSection(ProjectConfigurationPlatforms) = postSolution
		{50B9BA8A-78B0-4B5E-9CD7-CAF223D6F64A}.Debug|Any CPU.ActiveCfg = Debug|Any CPU
		{50B9BA8A-78B0-4B5E-9CD7-CAF223D6F64A}.Debug|Any CPU.Build.0 = Debug|Any CPU
		{50B9BA8A-78B0-4B5E-9CD7-CAF223D6F64A}.Release|Any CPU.ActiveCfg = Release|Any CPU
		{50B9BA8A-78B0-4B5E-9CD7-CAF223D6F64A}.Release|Any CPU.Build.0 = Release|Any CPU
	EndGlobalSection
	GlobalSection(SolutionProperties) = preSolution
		HideSolutionNode = FALSE
	EndGlobalSection
	GlobalSection(ExtensibilityGlobals) = postSolution
		SolutionGuid = {0A431F4E-05E0-4ACA-B6CD-B3DF56F2644E}
	EndGlobalSection
EndGlobal
